<?xml version="1.0" encoding="utf-8"?>
<Project ToolsVersion="4.0" xmlns="http://schemas.microsoft.com/developer/msbuild/2003">
  <ItemGroup>
    <Filter Include="Source Files">
      <UniqueIdentifier>{4FC737F1-C7A5-4376-A066-2A32D752A2FF}</UniqueIdentifier>
      <Extensions>cpp;cxx;c;def</Extensions>
    </Filter>
    <Filter Include="Header Files">
      <UniqueIdentifier>{93995380-89BD-4b04-88EB-625FBE52EBFB}</UniqueIdentifier>
      <Extensions>h</Extensions>
    </Filter>
    <Filter Include="Form Files">
      <UniqueIdentifier>{99349809-55BA-4b9d-BF79-8FDBB0286EB3}</UniqueIdentifier>
      <Extensions>ui</Extensions>
    </Filter>
    <Filter Include="Resource Files">
      <UniqueIdentifier>{D9D6E242-F8AF-46E4-B9FD-80ECBC20BA3E}</UniqueIdentifier>
      <Extensions>qrc;*</Extensions>
      <ParseFiles>false</ParseFiles>
    </Filter>
    <Filter Include="Generated Files">
      <UniqueIdentifier>{71ED8ED8-ACB9-4CE9-BBE1-E00B30144E11}</UniqueIdentifier>
      <Extensions>moc;h;cpp</Extensions>
      <SourceControlFiles>False</SourceControlFiles>
    </Filter>
    <Filter Include="Generated Files\Debug">
      <UniqueIdentifier>{45755db3-c895-421b-8f3a-fe2ef20e2707}</UniqueIdentifier>
      <Extensions>cpp;moc</Extensions>
      <SourceControlFiles>False</SourceControlFiles>
    </Filter>
    <Filter Include="Generated Files\Release">
      <UniqueIdentifier>{4d88d435-f7dd-42dc-8955-c7ed48f4dcf8}</UniqueIdentifier>
      <Extensions>cpp;moc</Extensions>
      <SourceControlFiles>False</SourceControlFiles>
    </Filter>
    <Filter Include="Header Files\AlgorithmInterface">
      <UniqueIdentifier>{f6485f92-0691-434f-b5ba-55007dfea12d}</UniqueIdentifier>
    </Filter>
    <Filter Include="Source Files\AlgorithmInterface">
      <UniqueIdentifier>{de6bba0c-7037-4522-8d80-7af6a9d134fd}</UniqueIdentifier>
    </Filter>
  </ItemGroup>
  <ItemGroup>
    <ClCompile Include="main.cpp">
      <Filter>Source Files</Filter>
    </ClCompile>
    <ClCompile Include="qtmaskmandetect.cpp">
      <Filter>Source Files</Filter>
    </ClCompile>
    <ClCompile Include="GeneratedFiles\Debug\moc_qtmaskmandetect.cpp">
      <Filter>Generated Files\Debug</Filter>
    </ClCompile>
    <ClCompile Include="GeneratedFiles\Release\moc_qtmaskmandetect.cpp">
      <Filter>Generated Files\Release</Filter>
    </ClCompile>
    <ClCompile Include="GeneratedFiles\qrc_qtmaskmandetect.cpp">
      <Filter>Generated Files</Filter>
    </ClCompile>
    <ClCompile Include="AlgorithmInterface\AI_Maskman_Detect.cpp">
      <Filter>Source Files\AlgorithmInterface</Filter>
    </ClCompile>
    <ClCompile Include="AlgorithmInterface\algorithmInterface.cpp">
      <Filter>Source Files\AlgorithmInterface</Filter>
    </ClCompile>
    <ClCompile Include="testDll.cpp">
      <Filter>Source Files</Filter>
    </ClCompile>
  </ItemGroup>
  <ItemGroup>
    <CustomBuild Include="qtmaskmandetect.h">
      <Filter>Header Files</Filter>
    </CustomBuild>
    <CustomBuild Include="qtmaskmandetect.ui">
      <Filter>Form Files</Filter>
    </CustomBuild>
    <CustomBuild Include="qtmaskmandetect.qrc">
      <Filter>Resource Files</Filter>
    </CustomBuild>
  </ItemGroup>
  <ItemGroup>
    <ClInclude Include="GeneratedFiles\ui_qtmaskmandetect.h">
      <Filter>Generated Files</Filter>
    </ClInclude>
    <ClInclude Include="AlgorithmInterface\AI_Maskman_Detect.h">
      <Filter>Header Files\AlgorithmInterface</Filter>
    </ClInclude>
    <ClInclude Include="AlgorithmInterface\algorithmInterface.h">
      <Filter>Header Files\AlgorithmInterface</Filter>
    </ClInclude>
    <ClInclude Include="testDll.h">
      <Filter>Header Files</Filter>
    </ClInclude>
  </ItemGroup>
  <ItemGroup>
    <None Include="..\..\maskman_detect\maskman_detect.sln" />
  </ItemGroup>
</Project>